// !$*UTF8*$!
{
	archiveVersion = 1;
	classes = {
	};
	objectVersion = 56;
	objects = {

/* Begin PBXBuildFile section */
		215E0A784BE71FEB10FB610E /* Pods_UI.framework in Frameworks */ = {isa = PBXBuildFile; fileRef = 5777A345276E2C1F4594599B /* Pods_UI.framework */; };
		555D8B3F29C71F82000B65AD /* NavigationViewModel.swift in Sources */ = {isa = PBXBuildFile; fileRef = 555D8B3E29C71F82000B65AD /* NavigationViewModel.swift */; };
		555D8B5229C72948000B65AD /* NavigationRoute.swift in Sources */ = {isa = PBXBuildFile; fileRef = 555D8B5129C72948000B65AD /* NavigationRoute.swift */; };
		55D6B61129C4C60900174065 /* UITests.swift in Sources */ = {isa = PBXBuildFile; fileRef = 55D6B61029C4C60900174065 /* UITests.swift */; };
		55D6B64229C4C65000174065 /* Core.framework in Frameworks */ = {isa = PBXBuildFile; fileRef = 55D6B64129C4C65000174065 /* Core.framework */; };
		55D6B69929C4D13D00174065 /* SkiingButton.swift in Sources */ = {isa = PBXBuildFile; fileRef = 55D6B69829C4D13D00174065 /* SkiingButton.swift */; };
		55F36D4629C791C600B9B93E /* SkiingButtonStyle.swift in Sources */ = {isa = PBXBuildFile; fileRef = 55F36D4529C791C600B9B93E /* SkiingButtonStyle.swift */; };
		55F36D4E29C7970700B9B93E /* RegularTextFieldStyle.swift in Sources */ = {isa = PBXBuildFile; fileRef = 55F36D4D29C7970700B9B93E /* RegularTextFieldStyle.swift */; };
		55F36D5529C7981500B9B93E /* BaseTextFieldStyleViewModifier.swift in Sources */ = {isa = PBXBuildFile; fileRef = 55F36D4F29C7981500B9B93E /* BaseTextFieldStyleViewModifier.swift */; };
		55F36D5629C7981500B9B93E /* LabelViewModifier.swift in Sources */ = {isa = PBXBuildFile; fileRef = 55F36D5029C7981500B9B93E /* LabelViewModifier.swift */; };
		55F36D5729C7981500B9B93E /* TextField+Extensions.swift in Sources */ = {isa = PBXBuildFile; fileRef = 55F36D5129C7981500B9B93E /* TextField+Extensions.swift */; };
		55F36D5829C7981500B9B93E /* SecureTextField+Extensions.swift in Sources */ = {isa = PBXBuildFile; fileRef = 55F36D5229C7981500B9B93E /* SecureTextField+Extensions.swift */; };
		55F36D5929C7981500B9B93E /* TextFieldBorderViewModifier.swift in Sources */ = {isa = PBXBuildFile; fileRef = 55F36D5329C7981500B9B93E /* TextFieldBorderViewModifier.swift */; };
		55F36D5A29C7981500B9B93E /* ToggleableSecureField.swift in Sources */ = {isa = PBXBuildFile; fileRef = 55F36D5429C7981500B9B93E /* ToggleableSecureField.swift */; };
/* End PBXBuildFile section */

/* Begin PBXContainerItemProxy section */
		55D6B60D29C4C60900174065 /* PBXContainerItemProxy */ = {
			isa = PBXContainerItemProxy;
			containerPortal = 554C8B9F29C4BE5E0028C76C /* Project object */;
			proxyType = 1;
			remoteGlobalIDString = 55D6B60129C4C60900174065;
			remoteInfo = UI;
		};
/* End PBXContainerItemProxy section */

/* Begin PBXFileReference section */
		555D8B3E29C71F82000B65AD /* NavigationViewModel.swift */ = {isa = PBXFileReference; lastKnownFileType = sourcecode.swift; path = NavigationViewModel.swift; sourceTree = "<group>"; };
		555D8B4029C71F9D000B65AD /* FlowStacks.framework */ = {isa = PBXFileReference; explicitFileType = wrapper.framework; path = FlowStacks.framework; sourceTree = BUILT_PRODUCTS_DIR; };
		555D8B4229C71FC9000B65AD /* Pods_Skiing.framework */ = {isa = PBXFileReference; explicitFileType = wrapper.framework; path = Pods_Skiing.framework; sourceTree = BUILT_PRODUCTS_DIR; };
		555D8B5129C72948000B65AD /* NavigationRoute.swift */ = {isa = PBXFileReference; lastKnownFileType = sourcecode.swift; path = NavigationRoute.swift; sourceTree = "<group>"; };
		55D6B61029C4C60900174065 /* UITests.swift */ = {isa = PBXFileReference; lastKnownFileType = sourcecode.swift; path = UITests.swift; sourceTree = "<group>"; };
		55D6B64129C4C65000174065 /* Core.framework */ = {isa = PBXFileReference; explicitFileType = wrapper.framework; path = Core.framework; sourceTree = BUILT_PRODUCTS_DIR; };
		55D6B69629C4D10600174065 /* UITests.xctest */ = {isa = PBXFileReference; explicitFileType = wrapper.cfbundle; includeInIndex = 0; path = UITests.xctest; sourceTree = BUILT_PRODUCTS_DIR; };
		55D6B69729C4D13D00174065 /* UI.framework */ = {isa = PBXFileReference; explicitFileType = wrapper.framework; includeInIndex = 0; path = UI.framework; sourceTree = BUILT_PRODUCTS_DIR; };
		55D6B69829C4D13D00174065 /* SkiingButton.swift */ = {isa = PBXFileReference; lastKnownFileType = sourcecode.swift; path = SkiingButton.swift; sourceTree = "<group>"; };
		55F36D4529C791C600B9B93E /* SkiingButtonStyle.swift */ = {isa = PBXFileReference; lastKnownFileType = sourcecode.swift; path = SkiingButtonStyle.swift; sourceTree = "<group>"; };
		55F36D4D29C7970700B9B93E /* RegularTextFieldStyle.swift */ = {isa = PBXFileReference; lastKnownFileType = sourcecode.swift; path = RegularTextFieldStyle.swift; sourceTree = "<group>"; };
		55F36D4F29C7981500B9B93E /* BaseTextFieldStyleViewModifier.swift */ = {isa = PBXFileReference; fileEncoding = 4; lastKnownFileType = sourcecode.swift; path = BaseTextFieldStyleViewModifier.swift; sourceTree = "<group>"; };
		55F36D5029C7981500B9B93E /* LabelViewModifier.swift */ = {isa = PBXFileReference; fileEncoding = 4; lastKnownFileType = sourcecode.swift; path = LabelViewModifier.swift; sourceTree = "<group>"; };
		55F36D5129C7981500B9B93E /* TextField+Extensions.swift */ = {isa = PBXFileReference; fileEncoding = 4; lastKnownFileType = sourcecode.swift; path = "TextField+Extensions.swift"; sourceTree = "<group>"; };
		55F36D5229C7981500B9B93E /* SecureTextField+Extensions.swift */ = {isa = PBXFileReference; fileEncoding = 4; lastKnownFileType = sourcecode.swift; path = "SecureTextField+Extensions.swift"; sourceTree = "<group>"; };
		55F36D5329C7981500B9B93E /* TextFieldBorderViewModifier.swift */ = {isa = PBXFileReference; fileEncoding = 4; lastKnownFileType = sourcecode.swift; path = TextFieldBorderViewModifier.swift; sourceTree = "<group>"; };
		55F36D5429C7981500B9B93E /* ToggleableSecureField.swift */ = {isa = PBXFileReference; fileEncoding = 4; lastKnownFileType = sourcecode.swift; path = ToggleableSecureField.swift; sourceTree = "<group>"; };
		5777A345276E2C1F4594599B /* Pods_UI.framework */ = {isa = PBXFileReference; explicitFileType = wrapper.framework; includeInIndex = 0; path = Pods_UI.framework; sourceTree = BUILT_PRODUCTS_DIR; };
		D52C47C353BD0BACD5CE813C /* Pods-UI.debug.xcconfig */ = {isa = PBXFileReference; includeInIndex = 1; lastKnownFileType = text.xcconfig; name = "Pods-UI.debug.xcconfig"; path = "Target Support Files/Pods-UI/Pods-UI.debug.xcconfig"; sourceTree = "<group>"; };
		E3DACE736D7BBD7A29CF7D60 /* Pods-UI.release.xcconfig */ = {isa = PBXFileReference; includeInIndex = 1; lastKnownFileType = text.xcconfig; name = "Pods-UI.release.xcconfig"; path = "Target Support Files/Pods-UI/Pods-UI.release.xcconfig"; sourceTree = "<group>"; };
/* End PBXFileReference section */

/* Begin PBXFrameworksBuildPhase section */
		55D6B5FF29C4C60900174065 /* Frameworks */ = {
			isa = PBXFrameworksBuildPhase;
			buildActionMask = 2147483647;
			files = (
				55D6B64229C4C65000174065 /* Core.framework in Frameworks */,
				215E0A784BE71FEB10FB610E /* Pods_UI.framework in Frameworks */,
			);
			runOnlyForDeploymentPostprocessing = 0;
		};
		55D6B60829C4C60900174065 /* Frameworks */ = {
			isa = PBXFrameworksBuildPhase;
			buildActionMask = 2147483647;
			files = (
			);
			runOnlyForDeploymentPostprocessing = 0;
		};
/* End PBXFrameworksBuildPhase section */

/* Begin PBXGroup section */
		554C8B9E29C4BE5E0028C76C = {
			isa = PBXGroup;
			children = (
				554C8BA929C4BE5E0028C76C /* UI */,
				55D6B60F29C4C60900174065 /* UITests */,
				55D6B64029C4C65000174065 /* Frameworks */,
				55D6B69629C4D10600174065 /* UITests.xctest */,
				55D6B69729C4D13D00174065 /* UI.framework */,
				87257CEFCE12FD49A2F27694 /* Pods */,
			);
			sourceTree = "<group>";
		};
		554C8BA929C4BE5E0028C76C /* UI */ = {
			isa = PBXGroup;
			children = (
				55F36D4429C791B600B9B93E /* ButtonStyles */,
				55D6B66029C4C6B300174065 /* Components */,
			);
			path = UI;
			sourceTree = "<group>";
		};
		555D8B3D29C71F72000B65AD /* Navigation */ = {
			isa = PBXGroup;
			children = (
				555D8B3E29C71F82000B65AD /* NavigationViewModel.swift */,
				555D8B5129C72948000B65AD /* NavigationRoute.swift */,
			);
			path = Navigation;
			sourceTree = "<group>";
		};
		55D6B60F29C4C60900174065 /* UITests */ = {
			isa = PBXGroup;
			children = (
				55D6B61029C4C60900174065 /* UITests.swift */,
			);
			path = UITests;
			sourceTree = "<group>";
		};
		55D6B64029C4C65000174065 /* Frameworks */ = {
			isa = PBXGroup;
			children = (
				555D8B4229C71FC9000B65AD /* Pods_Skiing.framework */,
				555D8B4029C71F9D000B65AD /* FlowStacks.framework */,
				55D6B64129C4C65000174065 /* Core.framework */,
				5777A345276E2C1F4594599B /* Pods_UI.framework */,
			);
			name = Frameworks;
			sourceTree = "<group>";
		};
		55D6B66029C4C6B300174065 /* Components */ = {
			isa = PBXGroup;
			children = (
				55F36D4C29C796F300B9B93E /* TextField */,
				555D8B3D29C71F72000B65AD /* Navigation */,
				55D6B69829C4D13D00174065 /* SkiingButton.swift */,
			);
			path = Components;
			sourceTree = "<group>";
		};
		55F36D4429C791B600B9B93E /* ButtonStyles */ = {
			isa = PBXGroup;
			children = (
				55F36D4529C791C600B9B93E /* SkiingButtonStyle.swift */,
			);
			path = ButtonStyles;
			sourceTree = "<group>";
		};
		55F36D4C29C796F300B9B93E /* TextField */ = {
			isa = PBXGroup;
			children = (
				55F36D4F29C7981500B9B93E /* BaseTextFieldStyleViewModifier.swift */,
				55F36D5029C7981500B9B93E /* LabelViewModifier.swift */,
				55F36D5229C7981500B9B93E /* SecureTextField+Extensions.swift */,
				55F36D5129C7981500B9B93E /* TextField+Extensions.swift */,
				55F36D5329C7981500B9B93E /* TextFieldBorderViewModifier.swift */,
				55F36D5429C7981500B9B93E /* ToggleableSecureField.swift */,
				55F36D4D29C7970700B9B93E /* RegularTextFieldStyle.swift */,
			);
			path = TextField;
			sourceTree = "<group>";
		};
		87257CEFCE12FD49A2F27694 /* Pods */ = {
			isa = PBXGroup;
			children = (
				D52C47C353BD0BACD5CE813C /* Pods-UI.debug.xcconfig */,
				E3DACE736D7BBD7A29CF7D60 /* Pods-UI.release.xcconfig */,
			);
			name = Pods;
			path = ../Pods;
			sourceTree = "<group>";
		};
/* End PBXGroup section */

/* Begin PBXHeadersBuildPhase section */
		55D6B5FD29C4C60900174065 /* Headers */ = {
			isa = PBXHeadersBuildPhase;
			buildActionMask = 2147483647;
			files = (
			);
			runOnlyForDeploymentPostprocessing = 0;
		};
/* End PBXHeadersBuildPhase section */

/* Begin PBXNativeTarget section */
		55D6B60129C4C60900174065 /* UI */ = {
			isa = PBXNativeTarget;
			buildConfigurationList = 55D6B61329C4C60900174065 /* Build configuration list for PBXNativeTarget "UI" */;
			buildPhases = (
				E22FEEDDAC33E3BE54D23281 /* [CP] Check Pods Manifest.lock */,
				55D6B5FD29C4C60900174065 /* Headers */,
				55D6B5FE29C4C60900174065 /* Sources */,
				55D6B5FF29C4C60900174065 /* Frameworks */,
				55D6B60029C4C60900174065 /* Resources */,
			);
			buildRules = (
			);
			dependencies = (
			);
			name = UI;
			productName = UI;
			productReference = 55D6B69729C4D13D00174065 /* UI.framework */;
			productType = "com.apple.product-type.framework";
		};
		55D6B60A29C4C60900174065 /* UITests */ = {
			isa = PBXNativeTarget;
			buildConfigurationList = 55D6B61629C4C60900174065 /* Build configuration list for PBXNativeTarget "UITests" */;
			buildPhases = (
				55D6B60729C4C60900174065 /* Sources */,
				55D6B60829C4C60900174065 /* Frameworks */,
				55D6B60929C4C60900174065 /* Resources */,
			);
			buildRules = (
			);
			dependencies = (
				55D6B60E29C4C60900174065 /* PBXTargetDependency */,
			);
			name = UITests;
			productName = UITests;
			productReference = 55D6B69629C4D10600174065 /* UITests.xctest */;
			productType = "com.apple.product-type.bundle.unit-test";
		};
/* End PBXNativeTarget section */

/* Begin PBXProject section */
		554C8B9F29C4BE5E0028C76C /* Project object */ = {
			isa = PBXProject;
			attributes = {
				BuildIndependentTargetsInParallel = 1;
				LastSwiftUpdateCheck = 1420;
				LastUpgradeCheck = 1420;
				TargetAttributes = {
					55D6B60129C4C60900174065 = {
						CreatedOnToolsVersion = 14.2;
						LastSwiftMigration = 1420;
					};
					55D6B60A29C4C60900174065 = {
						CreatedOnToolsVersion = 14.2;
					};
				};
			};
			buildConfigurationList = 554C8BA229C4BE5E0028C76C /* Build configuration list for PBXProject "UI" */;
			compatibilityVersion = "Xcode 14.0";
			developmentRegion = en;
			hasScannedForEncodings = 0;
			knownRegions = (
				en,
				Base,
			);
			mainGroup = 554C8B9E29C4BE5E0028C76C;
			productRefGroup = 554C8B9E29C4BE5E0028C76C;
			projectDirPath = "";
			projectRoot = "";
			targets = (
				55D6B60129C4C60900174065 /* UI */,
				55D6B60A29C4C60900174065 /* UITests */,
			);
		};
/* End PBXProject section */

/* Begin PBXResourcesBuildPhase section */
		55D6B60029C4C60900174065 /* Resources */ = {
			isa = PBXResourcesBuildPhase;
			buildActionMask = 2147483647;
			files = (
			);
			runOnlyForDeploymentPostprocessing = 0;
		};
		55D6B60929C4C60900174065 /* Resources */ = {
			isa = PBXResourcesBuildPhase;
			buildActionMask = 2147483647;
			files = (
			);
			runOnlyForDeploymentPostprocessing = 0;
		};
/* End PBXResourcesBuildPhase section */

/* Begin PBXShellScriptBuildPhase section */
		E22FEEDDAC33E3BE54D23281 /* [CP] Check Pods Manifest.lock */ = {
			isa = PBXShellScriptBuildPhase;
			buildActionMask = 2147483647;
			files = (
			);
			inputFileListPaths = (
			);
			inputPaths = (
				"${PODS_PODFILE_DIR_PATH}/Podfile.lock",
				"${PODS_ROOT}/Manifest.lock",
			);
			name = "[CP] Check Pods Manifest.lock";
			outputFileListPaths = (
			);
			outputPaths = (
				"$(DERIVED_FILE_DIR)/Pods-UI-checkManifestLockResult.txt",
			);
			runOnlyForDeploymentPostprocessing = 0;
			shellPath = /bin/sh;
			shellScript = "diff \"${PODS_PODFILE_DIR_PATH}/Podfile.lock\" \"${PODS_ROOT}/Manifest.lock\" > /dev/null\nif [ $? != 0 ] ; then\n    # print error to STDERR\n    echo \"error: The sandbox is not in sync with the Podfile.lock. Run 'pod install' or update your CocoaPods installation.\" >&2\n    exit 1\nfi\n# This output is used by Xcode 'outputs' to avoid re-running this script phase.\necho \"SUCCESS\" > \"${SCRIPT_OUTPUT_FILE_0}\"\n";
			showEnvVarsInLog = 0;
		};
/* End PBXShellScriptBuildPhase section */

/* Begin PBXSourcesBuildPhase section */
		55D6B5FE29C4C60900174065 /* Sources */ = {
			isa = PBXSourcesBuildPhase;
			buildActionMask = 2147483647;
			files = (
				55F36D4629C791C600B9B93E /* SkiingButtonStyle.swift in Sources */,
				55F36D5929C7981500B9B93E /* TextFieldBorderViewModifier.swift in Sources */,
				55F36D5729C7981500B9B93E /* TextField+Extensions.swift in Sources */,
				55F36D5629C7981500B9B93E /* LabelViewModifier.swift in Sources */,
				555D8B3F29C71F82000B65AD /* NavigationViewModel.swift in Sources */,
				55F36D5A29C7981500B9B93E /* ToggleableSecureField.swift in Sources */,
				55F36D5529C7981500B9B93E /* BaseTextFieldStyleViewModifier.swift in Sources */,
				55F36D5829C7981500B9B93E /* SecureTextField+Extensions.swift in Sources */,
				555D8B5229C72948000B65AD /* NavigationRoute.swift in Sources */,
				55D6B69929C4D13D00174065 /* SkiingButton.swift in Sources */,
				55F36D4E29C7970700B9B93E /* RegularTextFieldStyle.swift in Sources */,
			);
			runOnlyForDeploymentPostprocessing = 0;
		};
		55D6B60729C4C60900174065 /* Sources */ = {
			isa = PBXSourcesBuildPhase;
			buildActionMask = 2147483647;
			files = (
				55D6B61129C4C60900174065 /* UITests.swift in Sources */,
			);
			runOnlyForDeploymentPostprocessing = 0;
		};
/* End PBXSourcesBuildPhase section */

/* Begin PBXTargetDependency section */
		55D6B60E29C4C60900174065 /* PBXTargetDependency */ = {
			isa = PBXTargetDependency;
			target = 55D6B60129C4C60900174065 /* UI */;
			targetProxy = 55D6B60D29C4C60900174065 /* PBXContainerItemProxy */;
		};
/* End PBXTargetDependency section */

/* Begin XCBuildConfiguration section */
		554C8BB329C4BE5F0028C76C /* Debug */ = {
			isa = XCBuildConfiguration;
			buildSettings = {
				ALWAYS_SEARCH_USER_PATHS = NO;
				CLANG_ANALYZER_NONNULL = YES;
				CLANG_ANALYZER_NUMBER_OBJECT_CONVERSION = YES_AGGRESSIVE;
				CLANG_CXX_LANGUAGE_STANDARD = "gnu++20";
				CLANG_ENABLE_MODULES = YES;
				CLANG_ENABLE_OBJC_ARC = YES;
				CLANG_ENABLE_OBJC_WEAK = YES;
				CLANG_WARN_BLOCK_CAPTURE_AUTORELEASING = YES;
				CLANG_WARN_BOOL_CONVERSION = YES;
				CLANG_WARN_COMMA = YES;
				CLANG_WARN_CONSTANT_CONVERSION = YES;
				CLANG_WARN_DEPRECATED_OBJC_IMPLEMENTATIONS = YES;
				CLANG_WARN_DIRECT_OBJC_ISA_USAGE = YES_ERROR;
				CLANG_WARN_DOCUMENTATION_COMMENTS = YES;
				CLANG_WARN_EMPTY_BODY = YES;
				CLANG_WARN_ENUM_CONVERSION = YES;
				CLANG_WARN_INFINITE_RECURSION = YES;
				CLANG_WARN_INT_CONVERSION = YES;
				CLANG_WARN_NON_LITERAL_NULL_CONVERSION = YES;
				CLANG_WARN_OBJC_IMPLICIT_RETAIN_SELF = YES;
				CLANG_WARN_OBJC_LITERAL_CONVERSION = YES;
				CLANG_WARN_OBJC_ROOT_CLASS = YES_ERROR;
				CLANG_WARN_QUOTED_INCLUDE_IN_FRAMEWORK_HEADER = YES;
				CLANG_WARN_RANGE_LOOP_ANALYSIS = YES;
				CLANG_WARN_STRICT_PROTOTYPES = YES;
				CLANG_WARN_SUSPICIOUS_MOVE = YES;
				CLANG_WARN_UNGUARDED_AVAILABILITY = YES_AGGRESSIVE;
				CLANG_WARN_UNREACHABLE_CODE = YES;
				CLANG_WARN__DUPLICATE_METHOD_MATCH = YES;
				COPY_PHASE_STRIP = NO;
				DEBUG_INFORMATION_FORMAT = dwarf;
				ENABLE_STRICT_OBJC_MSGSEND = YES;
				ENABLE_TESTABILITY = YES;
				GCC_C_LANGUAGE_STANDARD = gnu11;
				GCC_DYNAMIC_NO_PIC = NO;
				GCC_NO_COMMON_BLOCKS = YES;
				GCC_OPTIMIZATION_LEVEL = 0;
				GCC_PREPROCESSOR_DEFINITIONS = (
					"DEBUG=1",
					"$(inherited)",
				);
				GCC_WARN_64_TO_32_BIT_CONVERSION = YES;
				GCC_WARN_ABOUT_RETURN_TYPE = YES_ERROR;
				GCC_WARN_UNDECLARED_SELECTOR = YES;
				GCC_WARN_UNINITIALIZED_AUTOS = YES_AGGRESSIVE;
				GCC_WARN_UNUSED_FUNCTION = YES;
				GCC_WARN_UNUSED_VARIABLE = YES;
				IPHONEOS_DEPLOYMENT_TARGET = 16.2;
				MTL_ENABLE_DEBUG_INFO = INCLUDE_SOURCE;
				MTL_FAST_MATH = YES;
				ONLY_ACTIVE_ARCH = YES;
				SDKROOT = iphoneos;
				SWIFT_ACTIVE_COMPILATION_CONDITIONS = DEBUG;
				SWIFT_OPTIMIZATION_LEVEL = "-Onone";
			};
			name = Debug;
		};
		554C8BB429C4BE5F0028C76C /* Release */ = {
			isa = XCBuildConfiguration;
			buildSettings = {
				ALWAYS_SEARCH_USER_PATHS = NO;
				CLANG_ANALYZER_NONNULL = YES;
				CLANG_ANALYZER_NUMBER_OBJECT_CONVERSION = YES_AGGRESSIVE;
				CLANG_CXX_LANGUAGE_STANDARD = "gnu++20";
				CLANG_ENABLE_MODULES = YES;
				CLANG_ENABLE_OBJC_ARC = YES;
				CLANG_ENABLE_OBJC_WEAK = YES;
				CLANG_WARN_BLOCK_CAPTURE_AUTORELEASING = YES;
				CLANG_WARN_BOOL_CONVERSION = YES;
				CLANG_WARN_COMMA = YES;
				CLANG_WARN_CONSTANT_CONVERSION = YES;
				CLANG_WARN_DEPRECATED_OBJC_IMPLEMENTATIONS = YES;
				CLANG_WARN_DIRECT_OBJC_ISA_USAGE = YES_ERROR;
				CLANG_WARN_DOCUMENTATION_COMMENTS = YES;
				CLANG_WARN_EMPTY_BODY = YES;
				CLANG_WARN_ENUM_CONVERSION = YES;
				CLANG_WARN_INFINITE_RECURSION = YES;
				CLANG_WARN_INT_CONVERSION = YES;
				CLANG_WARN_NON_LITERAL_NULL_CONVERSION = YES;
				CLANG_WARN_OBJC_IMPLICIT_RETAIN_SELF = YES;
				CLANG_WARN_OBJC_LITERAL_CONVERSION = YES;
				CLANG_WARN_OBJC_ROOT_CLASS = YES_ERROR;
				CLANG_WARN_QUOTED_INCLUDE_IN_FRAMEWORK_HEADER = YES;
				CLANG_WARN_RANGE_LOOP_ANALYSIS = YES;
				CLANG_WARN_STRICT_PROTOTYPES = YES;
				CLANG_WARN_SUSPICIOUS_MOVE = YES;
				CLANG_WARN_UNGUARDED_AVAILABILITY = YES_AGGRESSIVE;
				CLANG_WARN_UNREACHABLE_CODE = YES;
				CLANG_WARN__DUPLICATE_METHOD_MATCH = YES;
				COPY_PHASE_STRIP = NO;
				DEBUG_INFORMATION_FORMAT = "dwarf-with-dsym";
				ENABLE_NS_ASSERTIONS = NO;
				ENABLE_STRICT_OBJC_MSGSEND = YES;
				GCC_C_LANGUAGE_STANDARD = gnu11;
				GCC_NO_COMMON_BLOCKS = YES;
				GCC_WARN_64_TO_32_BIT_CONVERSION = YES;
				GCC_WARN_ABOUT_RETURN_TYPE = YES_ERROR;
				GCC_WARN_UNDECLARED_SELECTOR = YES;
				GCC_WARN_UNINITIALIZED_AUTOS = YES_AGGRESSIVE;
				GCC_WARN_UNUSED_FUNCTION = YES;
				GCC_WARN_UNUSED_VARIABLE = YES;
				IPHONEOS_DEPLOYMENT_TARGET = 16.2;
				MTL_ENABLE_DEBUG_INFO = NO;
				MTL_FAST_MATH = YES;
				SDKROOT = iphoneos;
				SWIFT_COMPILATION_MODE = wholemodule;
				SWIFT_OPTIMIZATION_LEVEL = "-O";
				VALIDATE_PRODUCT = YES;
			};
			name = Release;
		};
		55D6B61429C4C60900174065 /* Debug */ = {
			isa = XCBuildConfiguration;
			baseConfigurationReference = D52C47C353BD0BACD5CE813C /* Pods-UI.debug.xcconfig */;
			buildSettings = {
				CLANG_ENABLE_MODULES = YES;
				CODE_SIGN_STYLE = Automatic;
				CURRENT_PROJECT_VERSION = 1;
				DEFINES_MODULE = YES;
				DEVELOPMENT_TEAM = VJLFSCCR2C;
				DYLIB_COMPATIBILITY_VERSION = 1;
				DYLIB_CURRENT_VERSION = 1;
				DYLIB_INSTALL_NAME_BASE = "@rpath";
				GENERATE_INFOPLIST_FILE = YES;
				INFOPLIST_KEY_NSHumanReadableCopyright = "";
				INSTALL_PATH = "$(LOCAL_LIBRARY_DIR)/Frameworks";
				IPHONEOS_DEPLOYMENT_TARGET = 16.0;
				LD_RUNPATH_SEARCH_PATHS = (
					"$(inherited)",
					"@executable_path/Frameworks",
					"@loader_path/Frameworks",
				);
				MARKETING_VERSION = 1.0;
				PRODUCT_BUNDLE_IDENTIFIER = koszti.UI;
				PRODUCT_NAME = "$(TARGET_NAME:c99extidentifier)";
				SKIP_INSTALL = YES;
				SWIFT_EMIT_LOC_STRINGS = YES;
				SWIFT_OPTIMIZATION_LEVEL = "-Onone";
				SWIFT_VERSION = 5.0;
				TARGETED_DEVICE_FAMILY = "1,2";
				VERSIONING_SYSTEM = "apple-generic";
				VERSION_INFO_PREFIX = "";
			};
			name = Debug;
		};
		55D6B61529C4C60900174065 /* Release */ = {
			isa = XCBuildConfiguration;
			baseConfigurationReference = E3DACE736D7BBD7A29CF7D60 /* Pods-UI.release.xcconfig */;
			buildSettings = {
				CLANG_ENABLE_MODULES = YES;
				CODE_SIGN_STYLE = Automatic;
				CURRENT_PROJECT_VERSION = 1;
				DEFINES_MODULE = YES;
				DEVELOPMENT_TEAM = VJLFSCCR2C;
				DYLIB_COMPATIBILITY_VERSION = 1;
				DYLIB_CURRENT_VERSION = 1;
				DYLIB_INSTALL_NAME_BASE = "@rpath";
				GENERATE_INFOPLIST_FILE = YES;
				INFOPLIST_KEY_NSHumanReadableCopyright = "";
				INSTALL_PATH = "$(LOCAL_LIBRARY_DIR)/Frameworks";
				IPHONEOS_DEPLOYMENT_TARGET = 16.0;
				LD_RUNPATH_SEARCH_PATHS = (
					"$(inherited)",
					"@executable_path/Frameworks",
					"@loader_path/Frameworks",
				);
				MARKETING_VERSION = 1.0;
				PRODUCT_BUNDLE_IDENTIFIER = koszti.UI;
				PRODUCT_NAME = "$(TARGET_NAME:c99extidentifier)";
				SKIP_INSTALL = YES;
				SWIFT_EMIT_LOC_STRINGS = YES;
				SWIFT_VERSION = 5.0;
				TARGETED_DEVICE_FAMILY = "1,2";
				VERSIONING_SYSTEM = "apple-generic";
				VERSION_INFO_PREFIX = "";
			};
			name = Release;
		};
		55D6B61729C4C60900174065 /* Debug */ = {
			isa = XCBuildConfiguration;
			buildSettings = {
				ALWAYS_EMBED_SWIFT_STANDARD_LIBRARIES = YES;
				CODE_SIGN_STYLE = Automatic;
				CURRENT_PROJECT_VERSION = 1;
				DEVELOPMENT_TEAM = VJLFSCCR2C;
				GENERATE_INFOPLIST_FILE = YES;
				IPHONEOS_DEPLOYMENT_TARGET = 16.0;
				MARKETING_VERSION = 1.0;
				PRODUCT_BUNDLE_IDENTIFIER = koszti.UITests;
				PRODUCT_NAME = "$(TARGET_NAME)";
				SWIFT_EMIT_LOC_STRINGS = NO;
				SWIFT_VERSION = 5.0;
				TARGETED_DEVICE_FAMILY = "1,2";
			};
			name = Debug;
		};
		55D6B61829C4C60900174065 /* Release */ = {
			isa = XCBuildConfiguration;
			buildSettings = {
				ALWAYS_EMBED_SWIFT_STANDARD_LIBRARIES = YES;
				CODE_SIGN_STYLE = Automatic;
				CURRENT_PROJECT_VERSION = 1;
				DEVELOPMENT_TEAM = VJLFSCCR2C;
				GENERATE_INFOPLIST_FILE = YES;
				IPHONEOS_DEPLOYMENT_TARGET = 16.0;
				MARKETING_VERSION = 1.0;
				PRODUCT_BUNDLE_IDENTIFIER = koszti.UITests;
				PRODUCT_NAME = "$(TARGET_NAME)";
				SWIFT_EMIT_LOC_STRINGS = NO;
				SWIFT_VERSION = 5.0;
				TARGETED_DEVICE_FAMILY = "1,2";
			};
			name = Release;
		};
/* End XCBuildConfiguration section */

/* Begin XCConfigurationList section */
		554C8BA229C4BE5E0028C76C /* Build configuration list for PBXProject "UI" */ = {
			isa = XCConfigurationList;
			buildConfigurations = (
				554C8BB329C4BE5F0028C76C /* Debug */,
				554C8BB429C4BE5F0028C76C /* Release */,
			);
			defaultConfigurationIsVisible = 0;
			defaultConfigurationName = Release;
		};
		55D6B61329C4C60900174065 /* Build configuration list for PBXNativeTarget "UI" */ = {
			isa = XCConfigurationList;
			buildConfigurations = (
				55D6B61429C4C60900174065 /* Debug */,
				55D6B61529C4C60900174065 /* Release */,
			);
			defaultConfigurationIsVisible = 0;
			defaultConfigurationName = Release;
		};
		55D6B61629C4C60900174065 /* Build configuration list for PBXNativeTarget "UITests" */ = {
			isa = XCConfigurationList;
			buildConfigurations = (
				55D6B61729C4C60900174065 /* Debug */,
				55D6B61829C4C60900174065 /* Release */,
			);
			defaultConfigurationIsVisible = 0;
			defaultConfigurationName = Release;
		};
/* End XCConfigurationList section */
	};
	rootObject = 554C8B9F29C4BE5E0028C76C /* Project object */;
}
